<?xml version="1.0" encoding="utf-8"?>
<Project ToolsVersion="4.0" xmlns="http://schemas.microsoft.com/developer/msbuild/2003">
  <ItemGroup>
    <Filter Include="Resource Files">
      <UniqueIdentifier>{67DA6AB6-F800-4c08-8B7A-83BB121AAD01}</UniqueIdentifier>
      <Extensions>rc;ico;cur;bmp;dlg;rc2;rct;bin;rgs;gif;jpg;jpeg;jpe;resx;tiff;tif;png;wav;mfcribbon-ms</Extensions>
    </Filter>
    <Filter Include="ImGui">
      <UniqueIdentifier>{01c09d8f-2c80-415e-8f67-d6ce09a18b46}</UniqueIdentifier>
    </Filter>
    <Filter Include="ImGui\Source">
      <UniqueIdentifier>{e16a5d0d-c006-4c67-b018-3a447ee853a8}</UniqueIdentifier>
    </Filter>
    <Filter Include="ImGui\Header">
      <UniqueIdentifier>{a2e756bd-7521-496b-88ea-e9a8a13c19e3}</UniqueIdentifier>
    </Filter>
    <Filter Include="HeaderFiles">
      <UniqueIdentifier>{93995380-89BD-4b04-88EB-625FBE52EBFB}</UniqueIdentifier>
      <Extensions>h;hh;hpp;hxx;h++;hm;inl;inc;ipp;xsd</Extensions>
    </Filter>
    <Filter Include="Classes">
      <UniqueIdentifier>{31cef604-4e1f-4d92-b8cb-2c47fa0fc0fb}</UniqueIdentifier>
    </Filter>
    <Filter Include="Classes\Menu">
      <UniqueIdentifier>{cc889d30-709f-4bad-bcd5-629bded712e2}</UniqueIdentifier>
    </Filter>
    <Filter Include="Classes\Game">
      <UniqueIdentifier>{75bc4cd7-4d01-4148-a476-ed8401d90d35}</UniqueIdentifier>
    </Filter>
    <Filter Include="Classes\Player">
      <UniqueIdentifier>{8d827282-8b43-41ba-8764-0ed637f9e417}</UniqueIdentifier>
    </Filter>
    <Filter Include="Classes\Bullet">
      <UniqueIdentifier>{b0324ba6-b1e4-4b7b-9ac9-006dfae911f8}</UniqueIdentifier>
    </Filter>
    <Filter Include="Classes\Coin">
      <UniqueIdentifier>{4b4d8b4f-ea9a-4124-bb9e-432745d12803}</UniqueIdentifier>
    </Filter>
    <Filter Include="Classes\Wall">
      <UniqueIdentifier>{c6c1dbad-b78a-46b0-84df-fe581ee48117}</UniqueIdentifier>
    </Filter>
    <Filter Include="Classes\Enemy">
      <UniqueIdentifier>{719634a2-39cb-4a53-8abc-2d73c25c33c4}</UniqueIdentifier>
    </Filter>
    <Filter Include="Saved">
      <UniqueIdentifier>{73af9323-43e2-4ce5-98ad-679ff0a6d606}</UniqueIdentifier>
    </Filter>
    <Filter Include="Classes\PowerUps">
      <UniqueIdentifier>{62f0f732-ac35-4f17-9f78-5acb7c23c521}</UniqueIdentifier>
    </Filter>
  </ItemGroup>
  <ItemGroup>
    <ClCompile Include="Main.cpp" />
    <ClCompile Include="imgui\imgui.cpp">
      <Filter>ImGui\Source</Filter>
    </ClCompile>
    <ClCompile Include="imgui\imgui_demo.cpp">
      <Filter>ImGui\Source</Filter>
    </ClCompile>
    <ClCompile Include="imgui\imgui_draw.cpp">
      <Filter>ImGui\Source</Filter>
    </ClCompile>
    <ClCompile Include="imgui\imgui_tables.cpp">
      <Filter>ImGui\Source</Filter>
    </ClCompile>
    <ClCompile Include="imgui\imgui_widgets.cpp">
      <Filter>ImGui\Source</Filter>
    </ClCompile>
    <ClCompile Include="imgui\imgui-SFML.cpp">
      <Filter>ImGui\Source</Filter>
    </ClCompile>
    <ClCompile Include="Classes\GameStates\Game.cpp">
      <Filter>Classes\Game</Filter>
    </ClCompile>
    <ClCompile Include="Classes\GameStates\Menu.cpp">
      <Filter>Classes\Menu</Filter>
    </ClCompile>
    <ClCompile Include="Classes\Objects\Player.cpp">
      <Filter>Classes\Player</Filter>
    </ClCompile>
    <ClCompile Include="Classes\Objects\Bullet.cpp">
      <Filter>Classes\Bullet</Filter>
    </ClCompile>
    <ClCompile Include="Classes\Objects\Coin.cpp">
      <Filter>Classes\Coin</Filter>
    </ClCompile>
    <ClCompile Include="Classes\Objects\Wall.cpp">
      <Filter>Classes\Wall</Filter>
    </ClCompile>
    <ClCompile Include="Classes\Objects\Enemies\BaseEnemy.cpp">
      <Filter>Classes\Enemy</Filter>
    </ClCompile>
    <ClCompile Include="Classes\Objects\Enemies\NormalEnemy.cpp">
      <Filter>Classes\Enemy</Filter>
    </ClCompile>
    <ClCompile Include="Classes\Objects\Enemies\FastEnemy.cpp">
      <Filter>Classes\Enemy</Filter>
    </ClCompile>
    <ClCompile Include="Classes\Objects\Enemies\BigEnemy.cpp">
      <Filter>Classes\Enemy</Filter>
    </ClCompile>
    <ClCompile Include="Classes\Objects\PowerUp.cpp">
      <Filter>Classes\PowerUps</Filter>
    </ClCompile>
  </ItemGroup>
  <ItemGroup>
    <ClInclude Include="imgui\imconfig.h">
      <Filter>ImGui\Header</Filter>
    </ClInclude>
    <ClInclude Include="imgui\imconfig-SFML.h">
      <Filter>ImGui\Header</Filter>
    </ClInclude>
    <ClInclude Include="imgui\imgui.h">
      <Filter>ImGui\Header</Filter>
    </ClInclude>
    <ClInclude Include="imgui\imgui_internal.h">
      <Filter>ImGui\Header</Filter>
    </ClInclude>
    <ClInclude Include="imgui\imgui-SFML.h">
      <Filter>ImGui\Header</Filter>
    </ClInclude>
    <ClInclude Include="imgui\imgui-SFML_export.h">
      <Filter>ImGui\Header</Filter>
    </ClInclude>
    <ClInclude Include="imgui\imstb_rectpack.h">
      <Filter>ImGui\Header</Filter>
    </ClInclude>
    <ClInclude Include="imgui\imstb_textedit.h">
      <Filter>ImGui\Header</Filter>
    </ClInclude>
    <ClInclude Include="imgui\imstb_truetype.h">
      <Filter>ImGui\Header</Filter>
    </ClInclude>
    <ClInclude Include="Classes\GameStates\Game.h">
      <Filter>Classes\Game</Filter>
    </ClInclude>
    <ClInclude Include="Classes\GameStates\Menu.h">
      <Filter>Classes\Menu</Filter>
    </ClInclude>
    <ClInclude Include="Classes\Objects\Player.h">
      <Filter>Classes\Player</Filter>
    </ClInclude>
    <ClInclude Include="Classes\Objects\Bullet.h">
      <Filter>Classes\Bullet</Filter>
    </ClInclude>
    <ClInclude Include="Classes\Objects\Coin.h">
      <Filter>Classes\Coin</Filter>
    </ClInclude>
    <ClInclude Include="Classes\Objects\Wall.h">
      <Filter>Classes\Wall</Filter>
    </ClInclude>
    <ClInclude Include="Classes\Objects\Enemies\BaseEnemy.h">
      <Filter>Classes\Enemy</Filter>
    </ClInclude>
    <ClInclude Include="Headers.h">
      <Filter>HeaderFiles</Filter>
    </ClInclude>
    <ClInclude Include="Classes\Objects\Enemies\NormalEnemy.h">
      <Filter>Classes\Enemy</Filter>
    </ClInclude>
    <ClInclude Include="Classes\Objects\Enemies\FastEnemy.h">
      <Filter>Classes\Enemy</Filter>
    </ClInclude>
    <ClInclude Include="Classes\Objects\Enemies\BigEnemy.h">
      <Filter>Classes\Enemy</Filter>
    </ClInclude>
    <ClInclude Include="Classes\Objects\PowerUp.h">
      <Filter>Classes\PowerUps</Filter>
    </ClInclude>
  </ItemGroup>
  <ItemGroup>
    <Image Include="Resources\background.png">
      <Filter>Resource Files</Filter>
    </Image>
    <Image Include="Resources\Title.png">
      <Filter>Resource Files</Filter>
    </Image>
    <Image Include="Resources\coin.png">
      <Filter>Resource Files</Filter>
    </Image>
    <Image Include="Resources\balls.png">
      <Filter>Resource Files</Filter>
    </Image>
    <Image Include="Resources\fast.png">
      <Filter>Resource Files</Filter>
    </Image>
    <Image Include="Resources\heal.png">
      <Filter>Resource Files</Filter>
    </Image>
  </ItemGroup>
  <ItemGroup>
    <Text Include="Saved\Rank">
      <Filter>Saved</Filter>
    </Text>
  </ItemGroup>
</Project>